// !$*UTF8*$!
{
	archiveVersion = 1;
	classes = {
	};
	objectVersion = 50;
	objects = {

/* Begin PBXBuildFile section */
		81841FA820AF2E510039458A /* ViewController.swift in Sources */ = {isa = PBXBuildFile; fileRef = 81841FA720AF2E510039458A /* ViewController.swift */; };
		819E05F2209878DF003DCCE7 /* AppDelegate.swift in Sources */ = {isa = PBXBuildFile; fileRef = 819E05F1209878DF003DCCE7 /* AppDelegate.swift */; };
		819E05F7209878DF003DCCE7 /* Main.storyboard in Resources */ = {isa = PBXBuildFile; fileRef = 819E05F5209878DF003DCCE7 /* Main.storyboard */; };
		819E05F9209878E0003DCCE7 /* Assets.xcassets in Resources */ = {isa = PBXBuildFile; fileRef = 819E05F8209878E0003DCCE7 /* Assets.xcassets */; };
		819E05FC209878E0003DCCE7 /* LaunchScreen.storyboard in Resources */ = {isa = PBXBuildFile; fileRef = 819E05FA209878E0003DCCE7 /* LaunchScreen.storyboard */; };
		819E0607209878E0003DCCE7 /* RotatingWheelTests.swift in Sources */ = {isa = PBXBuildFile; fileRef = 819E0606209878E0003DCCE7 /* RotatingWheelTests.swift */; };
		819E0612209878E0003DCCE7 /* RotatingWheelUITests.swift in Sources */ = {isa = PBXBuildFile; fileRef = 819E0611209878E0003DCCE7 /* RotatingWheelUITests.swift */; };
		819E062020987956003DCCE7 /* RotatingWheel.swift in Sources */ = {isa = PBXBuildFile; fileRef = 819E061F20987956003DCCE7 /* RotatingWheel.swift */; };
		819E062220987CC6003DCCE7 /* RotatingWheelProtocol.swift in Sources */ = {isa = PBXBuildFile; fileRef = 819E062120987CC6003DCCE7 /* RotatingWheelProtocol.swift */; };
		819E06252098B576003DCCE7 /* QuartzCore.framework in Frameworks */ = {isa = PBXBuildFile; fileRef = 819E06242098B576003DCCE7 /* QuartzCore.framework */; };
/* End PBXBuildFile section */

/* Begin PBXContainerItemProxy section */
		819E0603209878E0003DCCE7 /* PBXContainerItemProxy */ = {
			isa = PBXContainerItemProxy;
			containerPortal = 819E05E6209878DF003DCCE7 /* Project object */;
			proxyType = 1;
			remoteGlobalIDString = 819E05ED209878DF003DCCE7;
			remoteInfo = RotatingWheel;
		};
		819E060E209878E0003DCCE7 /* PBXContainerItemProxy */ = {
			isa = PBXContainerItemProxy;
			containerPortal = 819E05E6209878DF003DCCE7 /* Project object */;
			proxyType = 1;
			remoteGlobalIDString = 819E05ED209878DF003DCCE7;
			remoteInfo = RotatingWheel;
		};
/* End PBXContainerItemProxy section */

/* Begin PBXFileReference section */
		81841FA720AF2E510039458A /* ViewController.swift */ = {isa = PBXFileReference; fileEncoding = 4; lastKnownFileType = sourcecode.swift; path = ViewController.swift; sourceTree = "<group>"; };
		819E05EE209878DF003DCCE7 /* RotatingWheel.app */ = {isa = PBXFileReference; explicitFileType = wrapper.application; includeInIndex = 0; path = RotatingWheel.app; sourceTree = BUILT_PRODUCTS_DIR; };
		819E05F1209878DF003DCCE7 /* AppDelegate.swift */ = {isa = PBXFileReference; lastKnownFileType = sourcecode.swift; path = AppDelegate.swift; sourceTree = "<group>"; };
		819E05F6209878DF003DCCE7 /* Base */ = {isa = PBXFileReference; lastKnownFileType = file.storyboard; name = Base; path = Base.lproj/Main.storyboard; sourceTree = "<group>"; };
		819E05F8209878E0003DCCE7 /* Assets.xcassets */ = {isa = PBXFileReference; lastKnownFileType = folder.assetcatalog; path = Assets.xcassets; sourceTree = "<group>"; };
		819E05FB209878E0003DCCE7 /* Base */ = {isa = PBXFileReference; lastKnownFileType = file.storyboard; name = Base; path = Base.lproj/LaunchScreen.storyboard; sourceTree = "<group>"; };
		819E05FD209878E0003DCCE7 /* Info.plist */ = {isa = PBXFileReference; lastKnownFileType = text.plist.xml; path = Info.plist; sourceTree = "<group>"; };
		819E0602209878E0003DCCE7 /* RotatingWheelTests.xctest */ = {isa = PBXFileReference; explicitFileType = wrapper.cfbundle; includeInIndex = 0; path = RotatingWheelTests.xctest; sourceTree = BUILT_PRODUCTS_DIR; };
		819E0606209878E0003DCCE7 /* RotatingWheelTests.swift */ = {isa = PBXFileReference; lastKnownFileType = sourcecode.swift; path = RotatingWheelTests.swift; sourceTree = "<group>"; };
		819E0608209878E0003DCCE7 /* Info.plist */ = {isa = PBXFileReference; lastKnownFileType = text.plist.xml; path = Info.plist; sourceTree = "<group>"; };
		819E060D209878E0003DCCE7 /* RotatingWheelUITests.xctest */ = {isa = PBXFileReference; explicitFileType = wrapper.cfbundle; includeInIndex = 0; path = RotatingWheelUITests.xctest; sourceTree = BUILT_PRODUCTS_DIR; };
		819E0611209878E0003DCCE7 /* RotatingWheelUITests.swift */ = {isa = PBXFileReference; lastKnownFileType = sourcecode.swift; path = RotatingWheelUITests.swift; sourceTree = "<group>"; };
		819E0613209878E0003DCCE7 /* Info.plist */ = {isa = PBXFileReference; lastKnownFileType = text.plist.xml; path = Info.plist; sourceTree = "<group>"; };
		819E061F20987956003DCCE7 /* RotatingWheel.swift */ = {isa = PBXFileReference; lastKnownFileType = sourcecode.swift; path = RotatingWheel.swift; sourceTree = "<group>"; };
		819E062120987CC6003DCCE7 /* RotatingWheelProtocol.swift */ = {isa = PBXFileReference; lastKnownFileType = sourcecode.swift; path = RotatingWheelProtocol.swift; sourceTree = "<group>"; };
		819E06242098B576003DCCE7 /* QuartzCore.framework */ = {isa = PBXFileReference; lastKnownFileType = wrapper.framework; name = QuartzCore.framework; path = System/Library/Frameworks/QuartzCore.framework; sourceTree = SDKROOT; };
/* End PBXFileReference section */

/* Begin PBXFrameworksBuildPhase section */
		819E05EB209878DF003DCCE7 /* Frameworks */ = {
			isa = PBXFrameworksBuildPhase;
			buildActionMask = 2147483647;
			files = (
				819E06252098B576003DCCE7 /* QuartzCore.framework in Frameworks */,
			);
			runOnlyForDeploymentPostprocessing = 0;
		};
		819E05FF209878E0003DCCE7 /* Frameworks */ = {
			isa = PBXFrameworksBuildPhase;
			buildActionMask = 2147483647;
			files = (
			);
			runOnlyForDeploymentPostprocessing = 0;
		};
		819E060A209878E0003DCCE7 /* Frameworks */ = {
			isa = PBXFrameworksBuildPhase;
			buildActionMask = 2147483647;
			files = (
			);
			runOnlyForDeploymentPostprocessing = 0;
		};
/* End PBXFrameworksBuildPhase section */

/* Begin PBXGroup section */
		819E05E5209878DF003DCCE7 = {
			isa = PBXGroup;
			children = (
				819E05F0209878DF003DCCE7 /* RotatingWheel */,
				819E0605209878E0003DCCE7 /* RotatingWheelTests */,
				819E0610209878E0003DCCE7 /* RotatingWheelUITests */,
				819E05EF209878DF003DCCE7 /* Products */,
				819E06232098B576003DCCE7 /* Frameworks */,
			);
			sourceTree = "<group>";
		};
		819E05EF209878DF003DCCE7 /* Products */ = {
			isa = PBXGroup;
			children = (
				819E05EE209878DF003DCCE7 /* RotatingWheel.app */,
				819E0602209878E0003DCCE7 /* RotatingWheelTests.xctest */,
				819E060D209878E0003DCCE7 /* RotatingWheelUITests.xctest */,
			);
			name = Products;
			sourceTree = "<group>";
		};
		819E05F0209878DF003DCCE7 /* RotatingWheel */ = {
			isa = PBXGroup;
			children = (
				819E061F20987956003DCCE7 /* RotatingWheel.swift */,
				819E062120987CC6003DCCE7 /* RotatingWheelProtocol.swift */,
				819E05F1209878DF003DCCE7 /* AppDelegate.swift */,
				81841FA720AF2E510039458A /* ViewController.swift */,
				819E05F5209878DF003DCCE7 /* Main.storyboard */,
				819E05F8209878E0003DCCE7 /* Assets.xcassets */,
				819E05FA209878E0003DCCE7 /* LaunchScreen.storyboard */,
				819E05FD209878E0003DCCE7 /* Info.plist */,
			);
			path = RotatingWheel;
			sourceTree = "<group>";
		};
		819E0605209878E0003DCCE7 /* RotatingWheelTests */ = {
			isa = PBXGroup;
			children = (
				819E0606209878E0003DCCE7 /* RotatingWheelTests.swift */,
				819E0608209878E0003DCCE7 /* Info.plist */,
			);
			path = RotatingWheelTests;
			sourceTree = "<group>";
		};
		819E0610209878E0003DCCE7 /* RotatingWheelUITests */ = {
			isa = PBXGroup;
			children = (
				819E0611209878E0003DCCE7 /* RotatingWheelUITests.swift */,
				819E0613209878E0003DCCE7 /* Info.plist */,
			);
			path = RotatingWheelUITests;
			sourceTree = "<group>";
		};
		819E06232098B576003DCCE7 /* Frameworks */ = {
			isa = PBXGroup;
			children = (
				819E06242098B576003DCCE7 /* QuartzCore.framework */,
			);
			name = Frameworks;
			sourceTree = "<group>";
		};
/* End PBXGroup section */

/* Begin PBXNativeTarget section */
		819E05ED209878DF003DCCE7 /* RotatingWheel */ = {
			isa = PBXNativeTarget;
			buildConfigurationList = 819E0616209878E0003DCCE7 /* Build configuration list for PBXNativeTarget "RotatingWheel" */;
			buildPhases = (
				819E05EA209878DF003DCCE7 /* Sources */,
				819E05EB209878DF003DCCE7 /* Frameworks */,
				819E05EC209878DF003DCCE7 /* Resources */,
			);
			buildRules = (
			);
			dependencies = (
			);
			name = RotatingWheel;
			productName = RotatingWheel;
			productReference = 819E05EE209878DF003DCCE7 /* RotatingWheel.app */;
			productType = "com.apple.product-type.application";
		};
		819E0601209878E0003DCCE7 /* RotatingWheelTests */ = {
			isa = PBXNativeTarget;
			buildConfigurationList = 819E0619209878E0003DCCE7 /* Build configuration list for PBXNativeTarget "RotatingWheelTests" */;
			buildPhases = (
				819E05FE209878E0003DCCE7 /* Sources */,
				819E05FF209878E0003DCCE7 /* Frameworks */,
				819E0600209878E0003DCCE7 /* Resources */,
			);
			buildRules = (
			);
			dependencies = (
				819E0604209878E0003DCCE7 /* PBXTargetDependency */,
			);
			name = RotatingWheelTests;
			productName = RotatingWheelTests;
			productReference = 819E0602209878E0003DCCE7 /* RotatingWheelTests.xctest */;
			productType = "com.apple.product-type.bundle.unit-test";
		};
		819E060C209878E0003DCCE7 /* RotatingWheelUITests */ = {
			isa = PBXNativeTarget;
			buildConfigurationList = 819E061C209878E0003DCCE7 /* Build configuration list for PBXNativeTarget "RotatingWheelUITests" */;
			buildPhases = (
				819E0609209878E0003DCCE7 /* Sources */,
				819E060A209878E0003DCCE7 /* Frameworks */,
				819E060B209878E0003DCCE7 /* Resources */,
			);
			buildRules = (
			);
			dependencies = (
				819E060F209878E0003DCCE7 /* PBXTargetDependency */,
			);
			name = RotatingWheelUITests;
			productName = RotatingWheelUITests;
			productReference = 819E060D209878E0003DCCE7 /* RotatingWheelUITests.xctest */;
			productType = "com.apple.product-type.bundle.ui-testing";
		};
/* End PBXNativeTarget section */

/* Begin PBXProject section */
		819E05E6209878DF003DCCE7 /* Project object */ = {
			isa = PBXProject;
			attributes = {
				LastSwiftUpdateCheck = 0930;
				LastUpgradeCheck = 0930;
				ORGANIZATIONNAME = "Luca Kaufmann";
				TargetAttributes = {
					819E05ED209878DF003DCCE7 = {
						CreatedOnToolsVersion = 9.3;
					};
					819E0601209878E0003DCCE7 = {
						CreatedOnToolsVersion = 9.3;
						TestTargetID = 819E05ED209878DF003DCCE7;
					};
					819E060C209878E0003DCCE7 = {
						CreatedOnToolsVersion = 9.3;
						TestTargetID = 819E05ED209878DF003DCCE7;
					};
				};
			};
			buildConfigurationList = 819E05E9209878DF003DCCE7 /* Build configuration list for PBXProject "RotatingWheel" */;
			compatibilityVersion = "Xcode 9.3";
			developmentRegion = en;
			hasScannedForEncodings = 0;
			knownRegions = (
				en,
				Base,
			);
			mainGroup = 819E05E5209878DF003DCCE7;
			productRefGroup = 819E05EF209878DF003DCCE7 /* Products */;
			projectDirPath = "";
			projectRoot = "";
			targets = (
				819E05ED209878DF003DCCE7 /* RotatingWheel */,
				819E0601209878E0003DCCE7 /* RotatingWheelTests */,
				819E060C209878E0003DCCE7 /* RotatingWheelUITests */,
			);
		};
/* End PBXProject section */

/* Begin PBXResourcesBuildPhase section */
		819E05EC209878DF003DCCE7 /* Resources */ = {
			isa = PBXResourcesBuildPhase;
			buildActionMask = 2147483647;
			files = (
				819E05FC209878E0003DCCE7 /* LaunchScreen.storyboard in Resources */,
				819E05F9209878E0003DCCE7 /* Assets.xcassets in Resources */,
				819E05F7209878DF003DCCE7 /* Main.storyboard in Resources */,
			);
			runOnlyForDeploymentPostprocessing = 0;
		};
		819E0600209878E0003DCCE7 /* Resources */ = {
			isa = PBXResourcesBuildPhase;
			buildActionMask = 2147483647;
			files = (
			);
			runOnlyForDeploymentPostprocessing = 0;
		};
		819E060B209878E0003DCCE7 /* Resources */ = {
			isa = PBXResourcesBuildPhase;
			buildActionMask = 2147483647;
			files = (
			);
			runOnlyForDeploymentPostprocessing = 0;
		};
/* End PBXResourcesBuildPhase section */

/* Begin PBXSourcesBuildPhase section */
		819E05EA209878DF003DCCE7 /* Sources */ = {
			isa = PBXSourcesBuildPhase;
			buildActionMask = 2147483647;
			files = (
				819E062220987CC6003DCCE7 /* RotatingWheelProtocol.swift in Sources */,
				819E062020987956003DCCE7 /* RotatingWheel.swift in Sources */,
				81841FA820AF2E510039458A /* ViewController.swift in Sources */,
				819E05F2209878DF003DCCE7 /* AppDelegate.swift in Sources */,
			);
			runOnlyForDeploymentPostprocessing = 0;
		};
		819E05FE209878E0003DCCE7 /* Sources */ = {
			isa = PBXSourcesBuildPhase;
			buildActionMask = 2147483647;
			files = (
				819E0607209878E0003DCCE7 /* RotatingWheelTests.swift in Sources */,
			);
			runOnlyForDeploymentPostprocessing = 0;
		};
		819E0609209878E0003DCCE7 /* Sources */ = {
			isa = PBXSourcesBuildPhase;
			buildActionMask = 2147483647;
			files = (
				819E0612209878E0003DCCE7 /* RotatingWheelUITests.swift in Sources */,
			);
			runOnlyForDeploymentPostprocessing = 0;
		};
/* End PBXSourcesBuildPhase section */

/* Begin PBXTargetDependency section */
		819E0604209878E0003DCCE7 /* PBXTargetDependency */ = {
			isa = PBXTargetDependency;
			target = 819E05ED209878DF003DCCE7 /* RotatingWheel */;
			targetProxy = 819E0603209878E0003DCCE7 /* PBXContainerItemProxy */;
		};
		819E060F209878E0003DCCE7 /* PBXTargetDependency */ = {
			isa = PBXTargetDependency;
			target = 819E05ED209878DF003DCCE7 /* RotatingWheel */;
			targetProxy = 819E060E209878E0003DCCE7 /* PBXContainerItemProxy */;
		};
/* End PBXTargetDependency section */

/* Begin PBXVariantGroup section */
		819E05F5209878DF003DCCE7 /* Main.storyboard */ = {
			isa = PBXVariantGroup;
			children = (
				819E05F6209878DF003DCCE7 /* Base */,
			);
			name = Main.storyboard;
			sourceTree = "<group>";
		};
		819E05FA209878E0003DCCE7 /* LaunchScreen.storyboard */ = {
			isa = PBXVariantGroup;
			children = (
				819E05FB209878E0003DCCE7 /* Base */,
			);
			name = LaunchScreen.storyboard;
			sourceTree = "<group>";
		};
/* End PBXVariantGroup section */

/* Begin XCBuildConfiguration section */
		819E0614209878E0003DCCE7 /* Debug */ = {
			isa = XCBuildConfiguration;
			buildSettings = {
				ALWAYS_SEARCH_USER_PATHS = NO;
				CLANG_ANALYZER_NONNULL = YES;
				CLANG_ANALYZER_NUMBER_OBJECT_CONVERSION = YES_AGGRESSIVE;
				CLANG_CXX_LANGUAGE_STANDARD = "gnu++14";
				CLANG_CXX_LIBRARY = "libc++";
				CLANG_ENABLE_MODULES = YES;
				CLANG_ENABLE_OBJC_ARC = YES;
				CLANG_ENABLE_OBJC_WEAK = YES;
				CLANG_WARN_BLOCK_CAPTURE_AUTORELEASING = YES;
				CLANG_WARN_BOOL_CONVERSION = YES;
				CLANG_WARN_COMMA = YES;
				CLANG_WARN_CONSTANT_CONVERSION = YES;
				CLANG_WARN_DEPRECATED_OBJC_IMPLEMENTATIONS = YES;
				CLANG_WARN_DIRECT_OBJC_ISA_USAGE = YES_ERROR;
				CLANG_WARN_DOCUMENTATION_COMMENTS = YES;
				CLANG_WARN_EMPTY_BODY = YES;
				CLANG_WARN_ENUM_CONVERSION = YES;
				CLANG_WARN_INFINITE_RECURSION = YES;
				CLANG_WARN_INT_CONVERSION = YES;
				CLANG_WARN_NON_LITERAL_NULL_CONVERSION = YES;
				CLANG_WARN_OBJC_IMPLICIT_RETAIN_SELF = YES;
				CLANG_WARN_OBJC_LITERAL_CONVERSION = YES;
				CLANG_WARN_OBJC_ROOT_CLASS = YES_ERROR;
				CLANG_WARN_RANGE_LOOP_ANALYSIS = YES;
				CLANG_WARN_STRICT_PROTOTYPES = YES;
				CLANG_WARN_SUSPICIOUS_MOVE = YES;
				CLANG_WARN_UNGUARDED_AVAILABILITY = YES_AGGRESSIVE;
				CLANG_WARN_UNREACHABLE_CODE = YES;
				CLANG_WARN__DUPLICATE_METHOD_MATCH = YES;
				CODE_SIGN_IDENTITY = "iPhone Developer";
				COPY_PHASE_STRIP = NO;
				DEBUG_INFORMATION_FORMAT = dwarf;
				ENABLE_STRICT_OBJC_MSGSEND = YES;
				ENABLE_TESTABILITY = YES;
				GCC_C_LANGUAGE_STANDARD = gnu11;
				GCC_DYNAMIC_NO_PIC = NO;
				GCC_NO_COMMON_BLOCKS = YES;
				GCC_OPTIMIZATION_LEVEL = 0;
				GCC_PREPROCESSOR_DEFINITIONS = (
					"DEBUG=1",
					"$(inherited)",
				);
				GCC_WARN_64_TO_32_BIT_CONVERSION = YES;
				GCC_WARN_ABOUT_RETURN_TYPE = YES_ERROR;
				GCC_WARN_UNDECLARED_SELECTOR = YES;
				GCC_WARN_UNINITIALIZED_AUTOS = YES_AGGRESSIVE;
				GCC_WARN_UNUSED_FUNCTION = YES;
				GCC_WARN_UNUSED_VARIABLE = YES;
				IPHONEOS_DEPLOYMENT_TARGET = 11.3;
				MTL_ENABLE_DEBUG_INFO = YES;
				ONLY_ACTIVE_ARCH = YES;
				SDKROOT = iphoneos;
				SWIFT_ACTIVE_COMPILATION_CONDITIONS = DEBUG;
				SWIFT_OPTIMIZATION_LEVEL = "-Onone";
			};
			name = Debug;
		};
		819E0615209878E0003DCCE7 /* Release */ = {
			isa = XCBuildConfiguration;
			buildSettings = {
				ALWAYS_SEARCH_USER_PATHS = NO;
				CLANG_ANALYZER_NONNULL = YES;
				CLANG_ANALYZER_NUMBER_OBJECT_CONVERSION = YES_AGGRESSIVE;
				CLANG_CXX_LANGUAGE_STANDARD = "gnu++14";
				CLANG_CXX_LIBRARY = "libc++";
				CLANG_ENABLE_MODULES = YES;
				CLANG_ENABLE_OBJC_ARC = YES;
				CLANG_ENABLE_OBJC_WEAK = YES;
				CLANG_WARN_BLOCK_CAPTURE_AUTORELEASING = YES;
				CLANG_WARN_BOOL_CONVERSION = YES;
				CLANG_WARN_COMMA = YES;
				CLANG_WARN_CONSTANT_CONVERSION = YES;
				CLANG_WARN_DEPRECATED_OBJC_IMPLEMENTATIONS = YES;
				CLANG_WARN_DIRECT_OBJC_ISA_USAGE = YES_ERROR;
				CLANG_WARN_DOCUMENTATION_COMMENTS = YES;
				CLANG_WARN_EMPTY_BODY = YES;
				CLANG_WARN_ENUM_CONVERSION = YES;
				CLANG_WARN_INFINITE_RECURSION = YES;
				CLANG_WARN_INT_CONVERSION = YES;
				CLANG_WARN_NON_LITERAL_NULL_CONVERSION = YES;
				CLANG_WARN_OBJC_IMPLICIT_RETAIN_SELF = YES;
				CLANG_WARN_OBJC_LITERAL_CONVERSION = YES;
				CLANG_WARN_OBJC_ROOT_CLASS = YES_ERROR;
				CLANG_WARN_RANGE_LOOP_ANALYSIS = YES;
				CLANG_WARN_STRICT_PROTOTYPES = YES;
				CLANG_WARN_SUSPICIOUS_MOVE = YES;
				CLANG_WARN_UNGUARDED_AVAILABILITY = YES_AGGRESSIVE;
				CLANG_WARN_UNREACHABLE_CODE = YES;
				CLANG_WARN__DUPLICATE_METHOD_MATCH = YES;
				CODE_SIGN_IDENTITY = "iPhone Developer";
				COPY_PHASE_STRIP = NO;
				DEBUG_INFORMATION_FORMAT = "dwarf-with-dsym";
				ENABLE_NS_ASSERTIONS = NO;
				ENABLE_STRICT_OBJC_MSGSEND = YES;
				GCC_C_LANGUAGE_STANDARD = gnu11;
				GCC_NO_COMMON_BLOCKS = YES;
				GCC_WARN_64_TO_32_BIT_CONVERSION = YES;
				GCC_WARN_ABOUT_RETURN_TYPE = YES_ERROR;
				GCC_WARN_UNDECLARED_SELECTOR = YES;
				GCC_WARN_UNINITIALIZED_AUTOS = YES_AGGRESSIVE;
				GCC_WARN_UNUSED_FUNCTION = YES;
				GCC_WARN_UNUSED_VARIABLE = YES;
				IPHONEOS_DEPLOYMENT_TARGET = 11.3;
				MTL_ENABLE_DEBUG_INFO = NO;
				SDKROOT = iphoneos;
				SWIFT_COMPILATION_MODE = wholemodule;
				SWIFT_OPTIMIZATION_LEVEL = "-O";
				VALIDATE_PRODUCT = YES;
			};
			name = Release;
		};
		819E0617209878E0003DCCE7 /* Debug */ = {
			isa = XCBuildConfiguration;
			buildSettings = {
				ASSETCATALOG_COMPILER_APPICON_NAME = AppIcon;
				CODE_SIGN_STYLE = Automatic;
				DEVELOPMENT_TEAM = 6Y9C574C9M;
				INFOPLIST_FILE = RotatingWheel/Info.plist;
				LD_RUNPATH_SEARCH_PATHS = (
					"$(inherited)",
					"@executable_path/Frameworks",
				);
				PRODUCT_BUNDLE_IDENTIFIER = com.thatsluke.RotatingWheel;
				PRODUCT_NAME = "$(TARGET_NAME)";
				SWIFT_VERSION = 4.0;
				TARGETED_DEVICE_FAMILY = "1,2";
			};
			name = Debug;
		};
		819E0618209878E0003DCCE7 /* Release */ = {
			isa = XCBuildConfiguration;
			buildSettings = {
				ASSETCATALOG_COMPILER_APPICON_NAME = AppIcon;
				CODE_SIGN_STYLE = Automatic;
				DEVELOPMENT_TEAM = 6Y9C574C9M;
				INFOPLIST_FILE = RotatingWheel/Info.plist;
				LD_RUNPATH_SEARCH_PATHS = (
					"$(inherited)",
					"@executable_path/Frameworks",
				);
				PRODUCT_BUNDLE_IDENTIFIER = com.thatsluke.RotatingWheel;
				PRODUCT_NAME = "$(TARGET_NAME)";
				SWIFT_VERSION = 4.0;
				TARGETED_DEVICE_FAMILY = "1,2";
			};
			name = Release;
		};
		819E061A209878E0003DCCE7 /* Debug */ = {
			isa = XCBuildConfiguration;
			buildSettings = {
				ALWAYS_EMBED_SWIFT_STANDARD_LIBRARIES = YES;
				BUNDLE_LOADER = "$(TEST_HOST)";
				CODE_SIGN_STYLE = Automatic;
				DEVELOPMENT_TEAM = 6Y9C574C9M;
				INFOPLIST_FILE = RotatingWheelTests/Info.plist;
				LD_RUNPATH_SEARCH_PATHS = (
					"$(inherited)",
					"@executable_path/Frameworks",
					"@loader_path/Frameworks",
				);
				PRODUCT_BUNDLE_IDENTIFIER = com.thatsluke.RotatingWheelTests;
				PRODUCT_NAME = "$(TARGET_NAME)";
				SWIFT_VERSION = 4.0;
				TARGETED_DEVICE_FAMILY = "1,2";
				TEST_HOST = "$(BUILT_PRODUCTS_DIR)/RotatingWheel.app/RotatingWheel";
			};
			name = Debug;
		};
		819E061B209878E0003DCCE7 /* Release */ = {
			isa = XCBuildConfiguration;
			buildSettings = {
				ALWAYS_EMBED_SWIFT_STANDARD_LIBRARIES = YES;
				BUNDLE_LOADER = "$(TEST_HOST)";
				CODE_SIGN_STYLE = Automatic;
				DEVELOPMENT_TEAM = 6Y9C574C9M;
				INFOPLIST_FILE = RotatingWheelTests/Info.plist;
				LD_RUNPATH_SEARCH_PATHS = (
					"$(inherited)",
					"@executable_path/Frameworks",
					"@loader_path/Frameworks",
				);
				PRODUCT_BUNDLE_IDENTIFIER = com.thatsluke.RotatingWheelTests;
				PRODUCT_NAME = "$(TARGET_NAME)";
				SWIFT_VERSION = 4.0;
				TARGETED_DEVICE_FAMILY = "1,2";
				TEST_HOST = "$(BUILT_PRODUCTS_DIR)/RotatingWheel.app/RotatingWheel";
			};
			name = Release;
		};
		819E061D209878E0003DCCE7 /* Debug */ = {
			isa = XCBuildConfiguration;
			buildSettings = {
				ALWAYS_EMBED_SWIFT_STANDARD_LIBRARIES = YES;
				CODE_SIGN_STYLE = Automatic;
				DEVELOPMENT_TEAM = 6Y9C574C9M;
				INFOPLIST_FILE = RotatingWheelUITests/Info.plist;
				LD_RUNPATH_SEARCH_PATHS = (
					"$(inherited)",
					"@executable_path/Frameworks",
					"@loader_path/Frameworks",
				);
				PRODUCT_BUNDLE_IDENTIFIER = com.thatsluke.RotatingWheelUITests;
				PRODUCT_NAME = "$(TARGET_NAME)";
				SWIFT_VERSION = 4.0;
				TARGETED_DEVICE_FAMILY = "1,2";
				TEST_TARGET_NAME = RotatingWheel;
			};
			name = Debug;
		};
		819E061E209878E0003DCCE7 /* Release */ = {
			isa = XCBuildConfiguration;
			buildSettings = {
				ALWAYS_EMBED_SWIFT_STANDARD_LIBRARIES = YES;
				CODE_SIGN_STYLE = Automatic;
				DEVELOPMENT_TEAM = 6Y9C574C9M;
				INFOPLIST_FILE = RotatingWheelUITests/Info.plist;
				LD_RUNPATH_SEARCH_PATHS = (
					"$(inherited)",
					"@executable_path/Frameworks",
					"@loader_path/Frameworks",
				);
				PRODUCT_BUNDLE_IDENTIFIER = com.thatsluke.RotatingWheelUITests;
				PRODUCT_NAME = "$(TARGET_NAME)";
				SWIFT_VERSION = 4.0;
				TARGETED_DEVICE_FAMILY = "1,2";
				TEST_TARGET_NAME = RotatingWheel;
			};
			name = Release;
		};
/* End XCBuildConfiguration section */

/* Begin XCConfigurationList section */
		819E05E9209878DF003DCCE7 /* Build configuration list for PBXProject "RotatingWheel" */ = {
			isa = XCConfigurationList;
			buildConfigurations = (
				819E0614209878E0003DCCE7 /* Debug */,
				819E0615209878E0003DCCE7 /* Release */,
			);
			defaultConfigurationIsVisible = 0;
			defaultConfigurationName = Release;
		};
		819E0616209878E0003DCCE7 /* Build configuration list for PBXNativeTarget "RotatingWheel" */ = {
			isa = XCConfigurationList;
			buildConfigurations = (
				819E0617209878E0003DCCE7 /* Debug */,
				819E0618209878E0003DCCE7 /* Release */,
			);
			defaultConfigurationIsVisible = 0;
			defaultConfigurationName = Release;
		};
		819E0619209878E0003DCCE7 /* Build configuration list for PBXNativeTarget "RotatingWheelTests" */ = {
			isa = XCConfigurationList;
			buildConfigurations = (
				819E061A209878E0003DCCE7 /* Debug */,
				819E061B209878E0003DCCE7 /* Release */,
			);
			defaultConfigurationIsVisible = 0;
			defaultConfigurationName = Release;
		};
		819E061C209878E0003DCCE7 /* Build configuration list for PBXNativeTarget "RotatingWheelUITests" */ = {
			isa = XCConfigurationList;
			buildConfigurations = (
				819E061D209878E0003DCCE7 /* Debug */,
				819E061E209878E0003DCCE7 /* Release */,
			);
			defaultConfigurationIsVisible = 0;
			defaultConfigurationName = Release;
		};
/* End XCConfigurationList section */
	};
	rootObject = 819E05E6209878DF003DCCE7 /* Project object */;
}
